
Microsoft Visual Studio Solution File, Format Version 12.00
# Visual Studio Version 17
VisualStudioVersion = 17.2.32630.192
MinimumVisualStudioVersion = 10.0.40219.1
Project("{FAE04EC0-301F-11D3-BF4B-00C04F79EFBC}") = "BingoGame", "BingoGame\BingoGame.csproj", "{E36FA036-74F5-44E7-833E-1D9EBF54593E}"
EndProject
Global
	GlobalSection(SolutionConfigurationPlatforms) = preSolution
		Debug|Any CPU = Debug|Any CPU
		Release|Any CPU = Release|Any CPU
	EndGlobalSection
	GlobalSection(ProjectConfigurationPlatforms) = postSolution
		{E36FA036-74F5-44E7-833E-1D9EBF54593E}.Debug|Any CPU.ActiveCfg = Debug|Any CPU
		{E36FA036-74F5-44E7-833E-1D9EBF54593E}.Debug|Any CPU.Build.0 = Debug|Any CPU
		{E36FA036-74F5-44E7-833E-1D9EBF54593E}.Release|Any CPU.ActiveCfg = Release|Any CPU
		{E36FA036-74F5-44E7-833E-1D9EBF54593E}.Release|Any CPU.Build.0 = Release|Any CPU
	EndGlobalSection
	GlobalSection(SolutionProperties) = preSolution
		HideSolutionNode = FALSE
	EndGlobalSection
	GlobalSection(ExtensibilityGlobals) = postSolution
		SolutionGuid = {6E264FBF-B633-4797-A87C-C5C501F74717}
	EndGlobalSection
EndGlobal
